
Microsoft Visual Studio Solution File, Format Version 12.00
# Visual Studio Version 16
VisualStudioVersion = 16.0.32126.315
MinimumVisualStudioVersion = 10.0.40219.1
Project("{FAE04EC0-301F-11D3-BF4B-00C04F79EFBC}") = "CurrencyCalculator", "CurrencyCalculator.csproj", "{A7468985-CE1A-459E-9D01-EB8FE1CC59ED}"
EndProject
Project("{FAE04EC0-301F-11D3-BF4B-00C04F79EFBC}") = "HttpClientSample", "..\HttpClientSample\HttpClientSample.csproj", "{14935179-94E2-4D2E-B83F-909899BA4F16}"
EndProject
Global
	GlobalSection(SolutionConfigurationPlatforms) = preSolution
		Debug|Any CPU = Debug|Any CPU
		Release|Any CPU = Release|Any CPU
	EndGlobalSection
	GlobalSection(ProjectConfigurationPlatforms) = postSolution
		{A7468985-CE1A-459E-9D01-EB8FE1CC59ED}.Debug|Any CPU.ActiveCfg = Debug|Any CPU
		{A7468985-CE1A-459E-9D01-EB8FE1CC59ED}.Debug|Any CPU.Build.0 = Debug|Any CPU
		{A7468985-CE1A-459E-9D01-EB8FE1CC59ED}.Release|Any CPU.ActiveCfg = Release|Any CPU
		{A7468985-CE1A-459E-9D01-EB8FE1CC59ED}.Release|Any CPU.Build.0 = Release|Any CPU
		{14935179-94E2-4D2E-B83F-909899BA4F16}.Debug|Any CPU.ActiveCfg = Debug|Any CPU
		{14935179-94E2-4D2E-B83F-909899BA4F16}.Debug|Any CPU.Build.0 = Debug|Any CPU
		{14935179-94E2-4D2E-B83F-909899BA4F16}.Release|Any CPU.ActiveCfg = Release|Any CPU
		{14935179-94E2-4D2E-B83F-909899BA4F16}.Release|Any CPU.Build.0 = Release|Any CPU
	EndGlobalSection
	GlobalSection(SolutionProperties) = preSolution
		HideSolutionNode = FALSE
	EndGlobalSection
	GlobalSection(ExtensibilityGlobals) = postSolution
		SolutionGuid = {9A193A18-D33E-415D-8DC7-CF4204E6AE7E}
	EndGlobalSection
EndGlobal
